
Microsoft Visual Studio Solution File, Format Version 12.00
Project("{FAE04EC0-301F-11D3-BF4B-00C04F79EFBC}") = "MassRoverApi", "MassRoverApi\MassRoverApi.csproj", "{D09EA6E2-1A94-40F7-B614-2039B12569B8}"
EndProject
Global
	GlobalSection(SolutionConfigurationPlatforms) = preSolution
		Debug|Any CPU = Debug|Any CPU
		Release|Any CPU = Release|Any CPU
	EndGlobalSection
	GlobalSection(ProjectConfigurationPlatforms) = postSolution
		{D09EA6E2-1A94-40F7-B614-2039B12569B8}.Debug|Any CPU.ActiveCfg = Debug|Any CPU
		{D09EA6E2-1A94-40F7-B614-2039B12569B8}.Debug|Any CPU.Build.0 = Debug|Any CPU
		{D09EA6E2-1A94-40F7-B614-2039B12569B8}.Release|Any CPU.ActiveCfg = Release|Any CPU
		{D09EA6E2-1A94-40F7-B614-2039B12569B8}.Release|Any CPU.Build.0 = Release|Any CPU
	EndGlobalSection
EndGlobal
